// !$*UTF8*$!
{
	archiveVersion = 1;
	classes = {
	};
	objectVersion = 46;
	objects = {

/* Begin PBXBuildFile section */
		4F90DDA41B9BD0270008F191 /* AppDelegate.swift in Sources */ = {isa = PBXBuildFile; fileRef = 4F90DDA31B9BD0270008F191 /* AppDelegate.swift */; };
		4F90DDA61B9BD0270008F191 /* ViewController.swift in Sources */ = {isa = PBXBuildFile; fileRef = 4F90DDA51B9BD0270008F191 /* ViewController.swift */; };
		4F90DDA91B9BD0270008F191 /* Main.storyboard in Resources */ = {isa = PBXBuildFile; fileRef = 4F90DDA71B9BD0270008F191 /* Main.storyboard */; };
		4F90DDBA1B9BD0270008F191 /* SwiftHSVColorPickerExampleTests.swift in Sources */ = {isa = PBXBuildFile; fileRef = 4F90DDB91B9BD0270008F191 /* SwiftHSVColorPickerExampleTests.swift */; };
		4F90DDC91B9BD07F0008F191 /* BrightnessView.swift in Sources */ = {isa = PBXBuildFile; fileRef = 4F90DDC41B9BD07F0008F191 /* BrightnessView.swift */; };
		4F90DDCA1B9BD07F0008F191 /* SwiftHSVColorPicker.swift in Sources */ = {isa = PBXBuildFile; fileRef = 4F90DDC51B9BD07F0008F191 /* SwiftHSVColorPicker.swift */; };
		4F90DDCB1B9BD07F0008F191 /* ColorUtils.swift in Sources */ = {isa = PBXBuildFile; fileRef = 4F90DDC61B9BD07F0008F191 /* ColorUtils.swift */; };
		4F90DDCC1B9BD07F0008F191 /* ColorWheel.swift in Sources */ = {isa = PBXBuildFile; fileRef = 4F90DDC71B9BD07F0008F191 /* ColorWheel.swift */; };
		4F90DDCD1B9BD07F0008F191 /* SelectedColorView.swift in Sources */ = {isa = PBXBuildFile; fileRef = 4F90DDC81B9BD07F0008F191 /* SelectedColorView.swift */; };
/* End PBXBuildFile section */

/* Begin PBXContainerItemProxy section */
		4F90DDB41B9BD0270008F191 /* PBXContainerItemProxy */ = {
			isa = PBXContainerItemProxy;
			containerPortal = 4F90DD961B9BD0270008F191 /* Project object */;
			proxyType = 1;
			remoteGlobalIDString = 4F90DD9D1B9BD0270008F191;
			remoteInfo = SwiftHSVColorPickerExample;
		};
/* End PBXContainerItemProxy section */

/* Begin PBXFileReference section */
		4F90DD9E1B9BD0270008F191 /* SwiftHSVColorPickerExample.app */ = {isa = PBXFileReference; explicitFileType = wrapper.application; includeInIndex = 0; path = SwiftHSVColorPickerExample.app; sourceTree = BUILT_PRODUCTS_DIR; };
		4F90DDA21B9BD0270008F191 /* Info.plist */ = {isa = PBXFileReference; lastKnownFileType = text.plist.xml; path = Info.plist; sourceTree = "<group>"; };
		4F90DDA31B9BD0270008F191 /* AppDelegate.swift */ = {isa = PBXFileReference; lastKnownFileType = sourcecode.swift; path = AppDelegate.swift; sourceTree = "<group>"; };
		4F90DDA51B9BD0270008F191 /* ViewController.swift */ = {isa = PBXFileReference; lastKnownFileType = sourcecode.swift; path = ViewController.swift; sourceTree = "<group>"; };
		4F90DDA81B9BD0270008F191 /* Base */ = {isa = PBXFileReference; lastKnownFileType = file.storyboard; name = Base; path = Base.lproj/Main.storyboard; sourceTree = "<group>"; };
		4F90DDB31B9BD0270008F191 /* SwiftHSVColorPickerExampleTests.xctest */ = {isa = PBXFileReference; explicitFileType = wrapper.cfbundle; includeInIndex = 0; path = SwiftHSVColorPickerExampleTests.xctest; sourceTree = BUILT_PRODUCTS_DIR; };
		4F90DDB81B9BD0270008F191 /* Info.plist */ = {isa = PBXFileReference; lastKnownFileType = text.plist.xml; path = Info.plist; sourceTree = "<group>"; };
		4F90DDB91B9BD0270008F191 /* SwiftHSVColorPickerExampleTests.swift */ = {isa = PBXFileReference; lastKnownFileType = sourcecode.swift; path = SwiftHSVColorPickerExampleTests.swift; sourceTree = "<group>"; };
		4F90DDC41B9BD07F0008F191 /* BrightnessView.swift */ = {isa = PBXFileReference; fileEncoding = 4; lastKnownFileType = sourcecode.swift; name = BrightnessView.swift; path = Source/BrightnessView.swift; sourceTree = SOURCE_ROOT; };
		4F90DDC51B9BD07F0008F191 /* SwiftHSVColorPicker.swift */ = {isa = PBXFileReference; fileEncoding = 4; lastKnownFileType = sourcecode.swift; name = SwiftHSVColorPicker.swift; path = Source/SwiftHSVColorPicker.swift; sourceTree = SOURCE_ROOT; };
		4F90DDC61B9BD07F0008F191 /* ColorUtils.swift */ = {isa = PBXFileReference; fileEncoding = 4; lastKnownFileType = sourcecode.swift; name = ColorUtils.swift; path = Source/ColorUtils.swift; sourceTree = SOURCE_ROOT; };
		4F90DDC71B9BD07F0008F191 /* ColorWheel.swift */ = {isa = PBXFileReference; fileEncoding = 4; lastKnownFileType = sourcecode.swift; name = ColorWheel.swift; path = Source/ColorWheel.swift; sourceTree = SOURCE_ROOT; };
		4F90DDC81B9BD07F0008F191 /* SelectedColorView.swift */ = {isa = PBXFileReference; fileEncoding = 4; lastKnownFileType = sourcecode.swift; name = SelectedColorView.swift; path = Source/SelectedColorView.swift; sourceTree = SOURCE_ROOT; };
/* End PBXFileReference section */

/* Begin PBXFrameworksBuildPhase section */
		4F90DD9B1B9BD0270008F191 /* Frameworks */ = {
			isa = PBXFrameworksBuildPhase;
			buildActionMask = 2147483647;
			files = (
			);
			runOnlyForDeploymentPostprocessing = 0;
		};
		4F90DDB01B9BD0270008F191 /* Frameworks */ = {
			isa = PBXFrameworksBuildPhase;
			buildActionMask = 2147483647;
			files = (
			);
			runOnlyForDeploymentPostprocessing = 0;
		};
/* End PBXFrameworksBuildPhase section */

/* Begin PBXGroup section */
		4F90DD951B9BD0270008F191 = {
			isa = PBXGroup;
			children = (
				4F90DDA01B9BD0270008F191 /* SwiftHSVColorPickerExample */,
				4F90DDB61B9BD0270008F191 /* SwiftHSVColorPickerExampleTests */,
				4F90DD9F1B9BD0270008F191 /* Products */,
			);
			sourceTree = "<group>";
		};
		4F90DD9F1B9BD0270008F191 /* Products */ = {
			isa = PBXGroup;
			children = (
				4F90DD9E1B9BD0270008F191 /* SwiftHSVColorPickerExample.app */,
				4F90DDB31B9BD0270008F191 /* SwiftHSVColorPickerExampleTests.xctest */,
			);
			name = Products;
			sourceTree = "<group>";
		};
		4F90DDA01B9BD0270008F191 /* SwiftHSVColorPickerExample */ = {
			isa = PBXGroup;
			children = (
				4F90DDC31B9BD06E0008F191 /* Source */,
				4F90DDA31B9BD0270008F191 /* AppDelegate.swift */,
				4F90DDA51B9BD0270008F191 /* ViewController.swift */,
				4F90DDA71B9BD0270008F191 /* Main.storyboard */,
				4F90DDA11B9BD0270008F191 /* Supporting Files */,
			);
			path = SwiftHSVColorPickerExample;
			sourceTree = "<group>";
		};
		4F90DDA11B9BD0270008F191 /* Supporting Files */ = {
			isa = PBXGroup;
			children = (
				4F90DDA21B9BD0270008F191 /* Info.plist */,
			);
			name = "Supporting Files";
			sourceTree = "<group>";
		};
		4F90DDB61B9BD0270008F191 /* SwiftHSVColorPickerExampleTests */ = {
			isa = PBXGroup;
			children = (
				4F90DDB91B9BD0270008F191 /* SwiftHSVColorPickerExampleTests.swift */,
				4F90DDB71B9BD0270008F191 /* Supporting Files */,
			);
			path = SwiftHSVColorPickerExampleTests;
			sourceTree = "<group>";
		};
		4F90DDB71B9BD0270008F191 /* Supporting Files */ = {
			isa = PBXGroup;
			children = (
				4F90DDB81B9BD0270008F191 /* Info.plist */,
			);
			name = "Supporting Files";
			sourceTree = "<group>";
		};
		4F90DDC31B9BD06E0008F191 /* Source */ = {
			isa = PBXGroup;
			children = (
				4F90DDC41B9BD07F0008F191 /* BrightnessView.swift */,
				4F90DDC51B9BD07F0008F191 /* SwiftHSVColorPicker.swift */,
				4F90DDC61B9BD07F0008F191 /* ColorUtils.swift */,
				4F90DDC71B9BD07F0008F191 /* ColorWheel.swift */,
				4F90DDC81B9BD07F0008F191 /* SelectedColorView.swift */,
			);
			name = Source;
			sourceTree = "<group>";
		};
/* End PBXGroup section */

/* Begin PBXNativeTarget section */
		4F90DD9D1B9BD0270008F191 /* SwiftHSVColorPickerExample */ = {
			isa = PBXNativeTarget;
			buildConfigurationList = 4F90DDBD1B9BD0270008F191 /* Build configuration list for PBXNativeTarget "SwiftHSVColorPickerExample" */;
			buildPhases = (
				4F90DD9A1B9BD0270008F191 /* Sources */,
				4F90DD9B1B9BD0270008F191 /* Frameworks */,
				4F90DD9C1B9BD0270008F191 /* Resources */,
			);
			buildRules = (
			);
			dependencies = (
			);
			name = SwiftHSVColorPickerExample;
			productName = SwiftHSVColorPickerExample;
			productReference = 4F90DD9E1B9BD0270008F191 /* SwiftHSVColorPickerExample.app */;
			productType = "com.apple.product-type.application";
		};
		4F90DDB21B9BD0270008F191 /* SwiftHSVColorPickerExampleTests */ = {
			isa = PBXNativeTarget;
			buildConfigurationList = 4F90DDC01B9BD0270008F191 /* Build configuration list for PBXNativeTarget "SwiftHSVColorPickerExampleTests" */;
			buildPhases = (
				4F90DDAF1B9BD0270008F191 /* Sources */,
				4F90DDB01B9BD0270008F191 /* Frameworks */,
				4F90DDB11B9BD0270008F191 /* Resources */,
			);
			buildRules = (
			);
			dependencies = (
				4F90DDB51B9BD0270008F191 /* PBXTargetDependency */,
			);
			name = SwiftHSVColorPickerExampleTests;
			productName = SwiftHSVColorPickerExampleTests;
			productReference = 4F90DDB31B9BD0270008F191 /* SwiftHSVColorPickerExampleTests.xctest */;
			productType = "com.apple.product-type.bundle.unit-test";
		};
/* End PBXNativeTarget section */

/* Begin PBXProject section */
		4F90DD961B9BD0270008F191 /* Project object */ = {
			isa = PBXProject;
			attributes = {
				LastSwiftMigration = 0700;
				LastSwiftUpdateCheck = 0700;
				LastUpgradeCheck = 0720;
				ORGANIZATIONNAME = kspri;
				TargetAttributes = {
					4F90DD9D1B9BD0270008F191 = {
						CreatedOnToolsVersion = 6.4;
					};
					4F90DDB21B9BD0270008F191 = {
						CreatedOnToolsVersion = 6.4;
						TestTargetID = 4F90DD9D1B9BD0270008F191;
					};
				};
			};
			buildConfigurationList = 4F90DD991B9BD0270008F191 /* Build configuration list for PBXProject "SwiftHSVColorPickerExample" */;
			compatibilityVersion = "Xcode 3.2";
			developmentRegion = English;
			hasScannedForEncodings = 0;
			knownRegions = (
				en,
				Base,
			);
			mainGroup = 4F90DD951B9BD0270008F191;
			productRefGroup = 4F90DD9F1B9BD0270008F191 /* Products */;
			projectDirPath = "";
			projectRoot = "";
			targets = (
				4F90DD9D1B9BD0270008F191 /* SwiftHSVColorPickerExample */,
				4F90DDB21B9BD0270008F191 /* SwiftHSVColorPickerExampleTests */,
			);
		};
/* End PBXProject section */

/* Begin PBXResourcesBuildPhase section */
		4F90DD9C1B9BD0270008F191 /* Resources */ = {
			isa = PBXResourcesBuildPhase;
			buildActionMask = 2147483647;
			files = (
				4F90DDA91B9BD0270008F191 /* Main.storyboard in Resources */,
			);
			runOnlyForDeploymentPostprocessing = 0;
		};
		4F90DDB11B9BD0270008F191 /* Resources */ = {
			isa = PBXResourcesBuildPhase;
			buildActionMask = 2147483647;
			files = (
			);
			runOnlyForDeploymentPostprocessing = 0;
		};
/* End PBXResourcesBuildPhase section */

/* Begin PBXSourcesBuildPhase section */
		4F90DD9A1B9BD0270008F191 /* Sources */ = {
			isa = PBXSourcesBuildPhase;
			buildActionMask = 2147483647;
			files = (
				4F90DDA61B9BD0270008F191 /* ViewController.swift in Sources */,
				4F90DDCB1B9BD07F0008F191 /* ColorUtils.swift in Sources */,
				4F90DDCA1B9BD07F0008F191 /* SwiftHSVColorPicker.swift in Sources */,
				4F90DDCD1B9BD07F0008F191 /* SelectedColorView.swift in Sources */,
				4F90DDA41B9BD0270008F191 /* AppDelegate.swift in Sources */,
				4F90DDC91B9BD07F0008F191 /* BrightnessView.swift in Sources */,
				4F90DDCC1B9BD07F0008F191 /* ColorWheel.swift in Sources */,
			);
			runOnlyForDeploymentPostprocessing = 0;
		};
		4F90DDAF1B9BD0270008F191 /* Sources */ = {
			isa = PBXSourcesBuildPhase;
			buildActionMask = 2147483647;
			files = (
				4F90DDBA1B9BD0270008F191 /* SwiftHSVColorPickerExampleTests.swift in Sources */,
			);
			runOnlyForDeploymentPostprocessing = 0;
		};
/* End PBXSourcesBuildPhase section */

/* Begin PBXTargetDependency section */
		4F90DDB51B9BD0270008F191 /* PBXTargetDependency */ = {
			isa = PBXTargetDependency;
			target = 4F90DD9D1B9BD0270008F191 /* SwiftHSVColorPickerExample */;
			targetProxy = 4F90DDB41B9BD0270008F191 /* PBXContainerItemProxy */;
		};
/* End PBXTargetDependency section */

/* Begin PBXVariantGroup section */
		4F90DDA71B9BD0270008F191 /* Main.storyboard */ = {
			isa = PBXVariantGroup;
			children = (
				4F90DDA81B9BD0270008F191 /* Base */,
			);
			name = Main.storyboard;
			sourceTree = "<group>";
		};
/* End PBXVariantGroup section */

/* Begin XCBuildConfiguration section */
		4F90DDBB1B9BD0270008F191 /* Debug */ = {
			isa = XCBuildConfiguration;
			buildSettings = {
				ALWAYS_SEARCH_USER_PATHS = NO;
				CLANG_CXX_LANGUAGE_STANDARD = "gnu++0x";
				CLANG_CXX_LIBRARY = "libc++";
				CLANG_ENABLE_MODULES = YES;
				CLANG_ENABLE_OBJC_ARC = YES;
				CLANG_WARN_BOOL_CONVERSION = YES;
				CLANG_WARN_CONSTANT_CONVERSION = YES;
				CLANG_WARN_DIRECT_OBJC_ISA_USAGE = YES_ERROR;
				CLANG_WARN_EMPTY_BODY = YES;
				CLANG_WARN_ENUM_CONVERSION = YES;
				CLANG_WARN_INT_CONVERSION = YES;
				CLANG_WARN_OBJC_ROOT_CLASS = YES_ERROR;
				CLANG_WARN_UNREACHABLE_CODE = YES;
				CLANG_WARN__DUPLICATE_METHOD_MATCH = YES;
				"CODE_SIGN_IDENTITY[sdk=iphoneos*]" = "iPhone Developer";
				COPY_PHASE_STRIP = NO;
				DEBUG_INFORMATION_FORMAT = "dwarf-with-dsym";
				ENABLE_STRICT_OBJC_MSGSEND = YES;
				ENABLE_TESTABILITY = YES;
				GCC_C_LANGUAGE_STANDARD = gnu99;
				GCC_DYNAMIC_NO_PIC = NO;
				GCC_NO_COMMON_BLOCKS = YES;
				GCC_OPTIMIZATION_LEVEL = 0;
				GCC_PREPROCESSOR_DEFINITIONS = (
					"DEBUG=1",
					"$(inherited)",
				);
				GCC_SYMBOLS_PRIVATE_EXTERN = NO;
				GCC_WARN_64_TO_32_BIT_CONVERSION = YES;
				GCC_WARN_ABOUT_RETURN_TYPE = YES_ERROR;
				GCC_WARN_UNDECLARED_SELECTOR = YES;
				GCC_WARN_UNINITIALIZED_AUTOS = YES_AGGRESSIVE;
				GCC_WARN_UNUSED_FUNCTION = YES;
				GCC_WARN_UNUSED_VARIABLE = YES;
				IPHONEOS_DEPLOYMENT_TARGET = 8.4;
				MTL_ENABLE_DEBUG_INFO = YES;
				ONLY_ACTIVE_ARCH = YES;
				SDKROOT = iphoneos;
				SWIFT_OPTIMIZATION_LEVEL = "-Onone";
				TARGETED_DEVICE_FAMILY = "1,2";
			};
			name = Debug;
		};
		4F90DDBC1B9BD0270008F191 /* Release */ = {
			isa = XCBuildConfiguration;
			buildSettings = {
				ALWAYS_SEARCH_USER_PATHS = NO;
				CLANG_CXX_LANGUAGE_STANDARD = "gnu++0x";
				CLANG_CXX_LIBRARY = "libc++";
				CLANG_ENABLE_MODULES = YES;
				CLANG_ENABLE_OBJC_ARC = YES;
				CLANG_WARN_BOOL_CONVERSION = YES;
				CLANG_WARN_CONSTANT_CONVERSION = YES;
				CLANG_WARN_DIRECT_OBJC_ISA_USAGE = YES_ERROR;
				CLANG_WARN_EMPTY_BODY = YES;
				CLANG_WARN_ENUM_CONVERSION = YES;
				CLANG_WARN_INT_CONVERSION = YES;
				CLANG_WARN_OBJC_ROOT_CLASS = YES_ERROR;
				CLANG_WARN_UNREACHABLE_CODE = YES;
				CLANG_WARN__DUPLICATE_METHOD_MATCH = YES;
				"CODE_SIGN_IDENTITY[sdk=iphoneos*]" = "iPhone Developer";
				COPY_PHASE_STRIP = NO;
				DEBUG_INFORMATION_FORMAT = "dwarf-with-dsym";
				ENABLE_NS_ASSERTIONS = NO;
				ENABLE_STRICT_OBJC_MSGSEND = YES;
				GCC_C_LANGUAGE_STANDARD = gnu99;
				GCC_NO_COMMON_BLOCKS = YES;
				GCC_WARN_64_TO_32_BIT_CONVERSION = YES;
				GCC_WARN_ABOUT_RETURN_TYPE = YES_ERROR;
				GCC_WARN_UNDECLARED_SELECTOR = YES;
				GCC_WARN_UNINITIALIZED_AUTOS = YES_AGGRESSIVE;
				GCC_WARN_UNUSED_FUNCTION = YES;
				GCC_WARN_UNUSED_VARIABLE = YES;
				IPHONEOS_DEPLOYMENT_TARGET = 8.4;
				MTL_ENABLE_DEBUG_INFO = NO;
				SDKROOT = iphoneos;
				TARGETED_DEVICE_FAMILY = "1,2";
				VALIDATE_PRODUCT = YES;
			};
			name = Release;
		};
		4F90DDBE1B9BD0270008F191 /* Debug */ = {
			isa = XCBuildConfiguration;
			buildSettings = {
				ASSETCATALOG_COMPILER_APPICON_NAME = AppIcon;
				INFOPLIST_FILE = SwiftHSVColorPickerExample/Info.plist;
				LD_RUNPATH_SEARCH_PATHS = "$(inherited) @executable_path/Frameworks";
				PRODUCT_BUNDLE_IDENTIFIER = "kspri.$(PRODUCT_NAME:rfc1034identifier)";
				PRODUCT_NAME = "$(TARGET_NAME)";
			};
			name = Debug;
		};
		4F90DDBF1B9BD0270008F191 /* Release */ = {
			isa = XCBuildConfiguration;
			buildSettings = {
				ASSETCATALOG_COMPILER_APPICON_NAME = AppIcon;
				INFOPLIST_FILE = SwiftHSVColorPickerExample/Info.plist;
				LD_RUNPATH_SEARCH_PATHS = "$(inherited) @executable_path/Frameworks";
				PRODUCT_BUNDLE_IDENTIFIER = "kspri.$(PRODUCT_NAME:rfc1034identifier)";
				PRODUCT_NAME = "$(TARGET_NAME)";
			};
			name = Release;
		};
		4F90DDC11B9BD0270008F191 /* Debug */ = {
			isa = XCBuildConfiguration;
			buildSettings = {
				BUNDLE_LOADER = "$(TEST_HOST)";
				FRAMEWORK_SEARCH_PATHS = (
					"$(SDKROOT)/Developer/Library/Frameworks",
					"$(inherited)",
				);
				GCC_PREPROCESSOR_DEFINITIONS = (
					"DEBUG=1",
					"$(inherited)",
				);
				INFOPLIST_FILE = SwiftHSVColorPickerExampleTests/Info.plist;
				LD_RUNPATH_SEARCH_PATHS = "$(inherited) @executable_path/Frameworks @loader_path/Frameworks";
				PRODUCT_BUNDLE_IDENTIFIER = "kspri.$(PRODUCT_NAME:rfc1034identifier)";
				PRODUCT_NAME = "$(TARGET_NAME)";
				TEST_HOST = "$(BUILT_PRODUCTS_DIR)/SwiftHSVColorPickerExample.app/SwiftHSVColorPickerExample";
			};
			name = Debug;
		};
		4F90DDC21B9BD0270008F191 /* Release */ = {
			isa = XCBuildConfiguration;
			buildSettings = {
				BUNDLE_LOADER = "$(TEST_HOST)";
				FRAMEWORK_SEARCH_PATHS = (
					"$(SDKROOT)/Developer/Library/Frameworks",
					"$(inherited)",
				);
				INFOPLIST_FILE = SwiftHSVColorPickerExampleTests/Info.plist;
				LD_RUNPATH_SEARCH_PATHS = "$(inherited) @executable_path/Frameworks @loader_path/Frameworks";
				PRODUCT_BUNDLE_IDENTIFIER = "kspri.$(PRODUCT_NAME:rfc1034identifier)";
				PRODUCT_NAME = "$(TARGET_NAME)";
				TEST_HOST = "$(BUILT_PRODUCTS_DIR)/SwiftHSVColorPickerExample.app/SwiftHSVColorPickerExample";
			};
			name = Release;
		};
/* End XCBuildConfiguration section */

/* Begin XCConfigurationList section */
		4F90DD991B9BD0270008F191 /* Build configuration list for PBXProject "SwiftHSVColorPickerExample" */ = {
			isa = XCConfigurationList;
			buildConfigurations = (
				4F90DDBB1B9BD0270008F191 /* Debug */,
				4F90DDBC1B9BD0270008F191 /* Release */,
			);
			defaultConfigurationIsVisible = 0;
			defaultConfigurationName = Release;
		};
		4F90DDBD1B9BD0270008F191 /* Build configuration list for PBXNativeTarget "SwiftHSVColorPickerExample" */ = {
			isa = XCConfigurationList;
			buildConfigurations = (
				4F90DDBE1B9BD0270008F191 /* Debug */,
				4F90DDBF1B9BD0270008F191 /* Release */,
			);
			defaultConfigurationIsVisible = 0;
			defaultConfigurationName = Release;
		};
		4F90DDC01B9BD0270008F191 /* Build configuration list for PBXNativeTarget "SwiftHSVColorPickerExampleTests" */ = {
			isa = XCConfigurationList;
			buildConfigurations = (
				4F90DDC11B9BD0270008F191 /* Debug */,
				4F90DDC21B9BD0270008F191 /* Release */,
			);
			defaultConfigurationIsVisible = 0;
			defaultConfigurationName = Release;
		};
/* End XCConfigurationList section */
	};
	rootObject = 4F90DD961B9BD0270008F191 /* Project object */;
}
